
Microsoft Visual Studio Solution File, Format Version 12.00
# Visual Studio Version 16
VisualStudioVersion = 16.0.31624.102
MinimumVisualStudioVersion = 10.0.40219.1
Project("{FAE04EC0-301F-11D3-BF4B-00C04F79EFBC}") = "Lekcijas2_MajasDarbs", "Lekcijas2_MajasDarbs\Lekcijas2_MajasDarbs.csproj", "{08723A4C-3D16-4324-B899-54210C58802F}"
EndProject
Global
	GlobalSection(SolutionConfigurationPlatforms) = preSolution
		Debug|Any CPU = Debug|Any CPU
		Release|Any CPU = Release|Any CPU
	EndGlobalSection
	GlobalSection(ProjectConfigurationPlatforms) = postSolution
		{08723A4C-3D16-4324-B899-54210C58802F}.Debug|Any CPU.ActiveCfg = Debug|Any CPU
		{08723A4C-3D16-4324-B899-54210C58802F}.Debug|Any CPU.Build.0 = Debug|Any CPU
		{08723A4C-3D16-4324-B899-54210C58802F}.Release|Any CPU.ActiveCfg = Release|Any CPU
		{08723A4C-3D16-4324-B899-54210C58802F}.Release|Any CPU.Build.0 = Release|Any CPU
	EndGlobalSection
	GlobalSection(SolutionProperties) = preSolution
		HideSolutionNode = FALSE
	EndGlobalSection
	GlobalSection(ExtensibilityGlobals) = postSolution
		SolutionGuid = {9A133ED8-C016-42D7-AD31-8E7E5F4BD982}
	EndGlobalSection
EndGlobal
