
Microsoft Visual Studio Solution File, Format Version 12.00
# Visual Studio Version 16
VisualStudioVersion = 16.0.31624.102
MinimumVisualStudioVersion = 10.0.40219.1
Project("{FAE04EC0-301F-11D3-BF4B-00C04F79EFBC}") = "lession9", "lession9\lession9.csproj", "{87AB189C-214C-4190-88A6-BA20B62F31EE}"
EndProject
Global
	GlobalSection(SolutionConfigurationPlatforms) = preSolution
		Debug|Any CPU = Debug|Any CPU
		Release|Any CPU = Release|Any CPU
	EndGlobalSection
	GlobalSection(ProjectConfigurationPlatforms) = postSolution
		{87AB189C-214C-4190-88A6-BA20B62F31EE}.Debug|Any CPU.ActiveCfg = Debug|Any CPU
		{87AB189C-214C-4190-88A6-BA20B62F31EE}.Debug|Any CPU.Build.0 = Debug|Any CPU
		{87AB189C-214C-4190-88A6-BA20B62F31EE}.Release|Any CPU.ActiveCfg = Release|Any CPU
		{87AB189C-214C-4190-88A6-BA20B62F31EE}.Release|Any CPU.Build.0 = Release|Any CPU
	EndGlobalSection
	GlobalSection(SolutionProperties) = preSolution
		HideSolutionNode = FALSE
	EndGlobalSection
	GlobalSection(ExtensibilityGlobals) = postSolution
		SolutionGuid = {E145C852-F28C-4756-AED2-5810F8669A35}
	EndGlobalSection
EndGlobal
